
Microsoft Visual Studio Solution File, Format Version 12.00
# Visual Studio Version 16
VisualStudioVersion = 16.0.31105.61
MinimumVisualStudioVersion = 10.0.40219.1
Project("{8BC9CEB8-8B4A-11D0-8D11-00A0C91BC942}") = "UnicodeConvAtlStd", "UnicodeConvAtlStd\UnicodeConvAtlStd.vcxproj", "{8E196769-C265-4352-B544-ED64820A1D03}"
EndProject
Global
	GlobalSection(SolutionConfigurationPlatforms) = preSolution
		Debug|x64 = Debug|x64
		Debug|x86 = Debug|x86
		Release|x64 = Release|x64
		Release|x86 = Release|x86
	EndGlobalSection
	GlobalSection(ProjectConfigurationPlatforms) = postSolution
		{8E196769-C265-4352-B544-ED64820A1D03}.Debug|x64.ActiveCfg = Debug|x64
		{8E196769-C265-4352-B544-ED64820A1D03}.Debug|x64.Build.0 = Debug|x64
		{8E196769-C265-4352-B544-ED64820A1D03}.Debug|x86.ActiveCfg = Debug|Win32
		{8E196769-C265-4352-B544-ED64820A1D03}.Debug|x86.Build.0 = Debug|Win32
		{8E196769-C265-4352-B544-ED64820A1D03}.Release|x64.ActiveCfg = Release|x64
		{8E196769-C265-4352-B544-ED64820A1D03}.Release|x64.Build.0 = Release|x64
		{8E196769-C265-4352-B544-ED64820A1D03}.Release|x86.ActiveCfg = Release|Win32
		{8E196769-C265-4352-B544-ED64820A1D03}.Release|x86.Build.0 = Release|Win32
	EndGlobalSection
	GlobalSection(SolutionProperties) = preSolution
		HideSolutionNode = FALSE
	EndGlobalSection
	GlobalSection(ExtensibilityGlobals) = postSolution
		SolutionGuid = {D5B32C4E-940B-4CA9-95DC-8A6364538A97}
	EndGlobalSection
EndGlobal
